
Microsoft Visual Studio Solution File, Format Version 12.00
# Visual Studio Version 17
VisualStudioVersion = 17.5.33414.496
MinimumVisualStudioVersion = 10.0.40219.1
Project("{FAE04EC0-301F-11D3-BF4B-00C04F79EFBC}") = "EmployeeDataAccessLayer", "EmployeeDataAccessLayer.csproj", "{1C71EA2D-7325-4C5E-B1A9-0688D8239147}"
EndProject
Global
	GlobalSection(SolutionConfigurationPlatforms) = preSolution
		Debug|Any CPU = Debug|Any CPU
		Release|Any CPU = Release|Any CPU
	EndGlobalSection
	GlobalSection(ProjectConfigurationPlatforms) = postSolution
		{1C71EA2D-7325-4C5E-B1A9-0688D8239147}.Debug|Any CPU.ActiveCfg = Debug|Any CPU
		{1C71EA2D-7325-4C5E-B1A9-0688D8239147}.Debug|Any CPU.Build.0 = Debug|Any CPU
		{1C71EA2D-7325-4C5E-B1A9-0688D8239147}.Release|Any CPU.ActiveCfg = Release|Any CPU
		{1C71EA2D-7325-4C5E-B1A9-0688D8239147}.Release|Any CPU.Build.0 = Release|Any CPU
	EndGlobalSection
	GlobalSection(SolutionProperties) = preSolution
		HideSolutionNode = FALSE
	EndGlobalSection
	GlobalSection(ExtensibilityGlobals) = postSolution
		SolutionGuid = {3E7FD838-F6D9-4EC4-8483-6975900F7F6E}
	EndGlobalSection
EndGlobal
